
Microsoft Visual Studio Solution File, Format Version 10.00
# Visual C# Express 2008
Project("{FAE04EC0-301F-11D3-BF4B-00C04F79EFBC}") = "bill_to_bill", "bill_to_bill\bill_to_bill.csproj", "{8249090F-5789-49E9-B756-762B87D580BE}"
EndProject
Global
	GlobalSection(SolutionConfigurationPlatforms) = preSolution
		Debug|Any CPU = Debug|Any CPU
		Release|Any CPU = Release|Any CPU
	EndGlobalSection
	GlobalSection(ProjectConfigurationPlatforms) = postSolution
		{8249090F-5789-49E9-B756-762B87D580BE}.Debug|Any CPU.ActiveCfg = Debug|Any CPU
		{8249090F-5789-49E9-B756-762B87D580BE}.Debug|Any CPU.Build.0 = Debug|Any CPU
		{8249090F-5789-49E9-B756-762B87D580BE}.Release|Any CPU.ActiveCfg = Release|Any CPU
		{8249090F-5789-49E9-B756-762B87D580BE}.Release|Any CPU.Build.0 = Release|Any CPU
	EndGlobalSection
	GlobalSection(SolutionProperties) = preSolution
		HideSolutionNode = FALSE
	EndGlobalSection
EndGlobal
